// !$*UTF8*$!
{
	archiveVersion = 1;
	classes = {
	};
	objectVersion = 56;
	objects = {

/* Begin PBXBuildFile section */
		840E518F298E74B900C26B8D /* AppDelegate.swift in Sources */ = {isa = PBXBuildFile; fileRef = 840E518E298E74B900C26B8D /* AppDelegate.swift */; };
		840E5191298E74B900C26B8D /* SceneDelegate.swift in Sources */ = {isa = PBXBuildFile; fileRef = 840E5190298E74B900C26B8D /* SceneDelegate.swift */; };
		840E5193298E74B900C26B8D /* ViewController.swift in Sources */ = {isa = PBXBuildFile; fileRef = 840E5192298E74B900C26B8D /* ViewController.swift */; };
		840E5196298E74B900C26B8D /* Main.storyboard in Resources */ = {isa = PBXBuildFile; fileRef = 840E5194298E74B900C26B8D /* Main.storyboard */; };
		840E5198298E74BC00C26B8D /* Assets.xcassets in Resources */ = {isa = PBXBuildFile; fileRef = 840E5197298E74BC00C26B8D /* Assets.xcassets */; };
		840E519B298E74BC00C26B8D /* LaunchScreen.storyboard in Resources */ = {isa = PBXBuildFile; fileRef = 840E5199298E74BC00C26B8D /* LaunchScreen.storyboard */; };
		840E51A6298E753500C26B8D /* MovieTableViewCell.swift in Sources */ = {isa = PBXBuildFile; fileRef = 840E51A4298E753500C26B8D /* MovieTableViewCell.swift */; };
		840E51A7298E753500C26B8D /* MovieTableViewCell.xib in Resources */ = {isa = PBXBuildFile; fileRef = 840E51A5298E753500C26B8D /* MovieTableViewCell.xib */; };
		840E51AC298E759200C26B8D /* MovieCollectionViewCell.swift in Sources */ = {isa = PBXBuildFile; fileRef = 840E51AA298E759200C26B8D /* MovieCollectionViewCell.swift */; };
		840E51AD298E759200C26B8D /* MovieCollectionViewCell.xib in Resources */ = {isa = PBXBuildFile; fileRef = 840E51AB298E759200C26B8D /* MovieCollectionViewCell.xib */; };
/* End PBXBuildFile section */

/* Begin PBXFileReference section */
		840E518B298E74B900C26B8D /* TableView + CollectionView.app */ = {isa = PBXFileReference; explicitFileType = wrapper.application; includeInIndex = 0; path = "TableView + CollectionView.app"; sourceTree = BUILT_PRODUCTS_DIR; };
		840E518E298E74B900C26B8D /* AppDelegate.swift */ = {isa = PBXFileReference; lastKnownFileType = sourcecode.swift; path = AppDelegate.swift; sourceTree = "<group>"; };
		840E5190298E74B900C26B8D /* SceneDelegate.swift */ = {isa = PBXFileReference; lastKnownFileType = sourcecode.swift; path = SceneDelegate.swift; sourceTree = "<group>"; };
		840E5192298E74B900C26B8D /* ViewController.swift */ = {isa = PBXFileReference; lastKnownFileType = sourcecode.swift; path = ViewController.swift; sourceTree = "<group>"; };
		840E5195298E74B900C26B8D /* Base */ = {isa = PBXFileReference; lastKnownFileType = file.storyboard; name = Base; path = Base.lproj/Main.storyboard; sourceTree = "<group>"; };
		840E5197298E74BC00C26B8D /* Assets.xcassets */ = {isa = PBXFileReference; lastKnownFileType = folder.assetcatalog; path = Assets.xcassets; sourceTree = "<group>"; };
		840E519A298E74BC00C26B8D /* Base */ = {isa = PBXFileReference; lastKnownFileType = file.storyboard; name = Base; path = Base.lproj/LaunchScreen.storyboard; sourceTree = "<group>"; };
		840E519C298E74BC00C26B8D /* Info.plist */ = {isa = PBXFileReference; lastKnownFileType = text.plist.xml; path = Info.plist; sourceTree = "<group>"; };
		840E51A4298E753500C26B8D /* MovieTableViewCell.swift */ = {isa = PBXFileReference; lastKnownFileType = sourcecode.swift; path = MovieTableViewCell.swift; sourceTree = "<group>"; };
		840E51A5298E753500C26B8D /* MovieTableViewCell.xib */ = {isa = PBXFileReference; lastKnownFileType = file.xib; path = MovieTableViewCell.xib; sourceTree = "<group>"; };
		840E51AA298E759200C26B8D /* MovieCollectionViewCell.swift */ = {isa = PBXFileReference; lastKnownFileType = sourcecode.swift; path = MovieCollectionViewCell.swift; sourceTree = "<group>"; };
		840E51AB298E759200C26B8D /* MovieCollectionViewCell.xib */ = {isa = PBXFileReference; lastKnownFileType = file.xib; path = MovieCollectionViewCell.xib; sourceTree = "<group>"; };
/* End PBXFileReference section */

/* Begin PBXFrameworksBuildPhase section */
		840E5188298E74B900C26B8D /* Frameworks */ = {
			isa = PBXFrameworksBuildPhase;
			buildActionMask = 2147483647;
			files = (
			);
			runOnlyForDeploymentPostprocessing = 0;
		};
/* End PBXFrameworksBuildPhase section */

/* Begin PBXGroup section */
		840E5182298E74B900C26B8D = {
			isa = PBXGroup;
			children = (
				840E518D298E74B900C26B8D /* TableView + CollectionView */,
				840E518C298E74B900C26B8D /* Products */,
			);
			sourceTree = "<group>";
		};
		840E518C298E74B900C26B8D /* Products */ = {
			isa = PBXGroup;
			children = (
				840E518B298E74B900C26B8D /* TableView + CollectionView.app */,
			);
			name = Products;
			sourceTree = "<group>";
		};
		840E518D298E74B900C26B8D /* TableView + CollectionView */ = {
			isa = PBXGroup;
			children = (
				840E518E298E74B900C26B8D /* AppDelegate.swift */,
				840E5190298E74B900C26B8D /* SceneDelegate.swift */,
				840E5192298E74B900C26B8D /* ViewController.swift */,
				840E51A4298E753500C26B8D /* MovieTableViewCell.swift */,
				840E51A5298E753500C26B8D /* MovieTableViewCell.xib */,
				840E51AA298E759200C26B8D /* MovieCollectionViewCell.swift */,
				840E51AB298E759200C26B8D /* MovieCollectionViewCell.xib */,
				840E5194298E74B900C26B8D /* Main.storyboard */,
				840E5197298E74BC00C26B8D /* Assets.xcassets */,
				840E5199298E74BC00C26B8D /* LaunchScreen.storyboard */,
				840E519C298E74BC00C26B8D /* Info.plist */,
			);
			path = "TableView + CollectionView";
			sourceTree = "<group>";
		};
/* End PBXGroup section */

/* Begin PBXNativeTarget section */
		840E518A298E74B900C26B8D /* TableView + CollectionView */ = {
			isa = PBXNativeTarget;
			buildConfigurationList = 840E519F298E74BC00C26B8D /* Build configuration list for PBXNativeTarget "TableView + CollectionView" */;
			buildPhases = (
				840E5187298E74B900C26B8D /* Sources */,
				840E5188298E74B900C26B8D /* Frameworks */,
				840E5189298E74B900C26B8D /* Resources */,
			);
			buildRules = (
			);
			dependencies = (
			);
			name = "TableView + CollectionView";
			productName = "TableView + CollectionView";
			productReference = 840E518B298E74B900C26B8D /* TableView + CollectionView.app */;
			productType = "com.apple.product-type.application";
		};
/* End PBXNativeTarget section */

/* Begin PBXProject section */
		840E5183298E74B900C26B8D /* Project object */ = {
			isa = PBXProject;
			attributes = {
				BuildIndependentTargetsInParallel = 1;
				LastSwiftUpdateCheck = 1410;
				LastUpgradeCheck = 1410;
				TargetAttributes = {
					840E518A298E74B900C26B8D = {
						CreatedOnToolsVersion = 14.1;
					};
				};
			};
			buildConfigurationList = 840E5186298E74B900C26B8D /* Build configuration list for PBXProject "TableView + CollectionView" */;
			compatibilityVersion = "Xcode 14.0";
			developmentRegion = en;
			hasScannedForEncodings = 0;
			knownRegions = (
				en,
				Base,
			);
			mainGroup = 840E5182298E74B900C26B8D;
			productRefGroup = 840E518C298E74B900C26B8D /* Products */;
			projectDirPath = "";
			projectRoot = "";
			targets = (
				840E518A298E74B900C26B8D /* TableView + CollectionView */,
			);
		};
/* End PBXProject section */

/* Begin PBXResourcesBuildPhase section */
		840E5189298E74B900C26B8D /* Resources */ = {
			isa = PBXResourcesBuildPhase;
			buildActionMask = 2147483647;
			files = (
				840E51AD298E759200C26B8D /* MovieCollectionViewCell.xib in Resources */,
				840E519B298E74BC00C26B8D /* LaunchScreen.storyboard in Resources */,
				840E5198298E74BC00C26B8D /* Assets.xcassets in Resources */,
				840E51A7298E753500C26B8D /* MovieTableViewCell.xib in Resources */,
				840E5196298E74B900C26B8D /* Main.storyboard in Resources */,
			);
			runOnlyForDeploymentPostprocessing = 0;
		};
/* End PBXResourcesBuildPhase section */

/* Begin PBXSourcesBuildPhase section */
		840E5187298E74B900C26B8D /* Sources */ = {
			isa = PBXSourcesBuildPhase;
			buildActionMask = 2147483647;
			files = (
				840E5193298E74B900C26B8D /* ViewController.swift in Sources */,
				840E518F298E74B900C26B8D /* AppDelegate.swift in Sources */,
				840E51AC298E759200C26B8D /* MovieCollectionViewCell.swift in Sources */,
				840E51A6298E753500C26B8D /* MovieTableViewCell.swift in Sources */,
				840E5191298E74B900C26B8D /* SceneDelegate.swift in Sources */,
			);
			runOnlyForDeploymentPostprocessing = 0;
		};
/* End PBXSourcesBuildPhase section */

/* Begin PBXVariantGroup section */
		840E5194298E74B900C26B8D /* Main.storyboard */ = {
			isa = PBXVariantGroup;
			children = (
				840E5195298E74B900C26B8D /* Base */,
			);
			name = Main.storyboard;
			sourceTree = "<group>";
		};
		840E5199298E74BC00C26B8D /* LaunchScreen.storyboard */ = {
			isa = PBXVariantGroup;
			children = (
				840E519A298E74BC00C26B8D /* Base */,
			);
			name = LaunchScreen.storyboard;
			sourceTree = "<group>";
		};
/* End PBXVariantGroup section */

/* Begin XCBuildConfiguration section */
		840E519D298E74BC00C26B8D /* Debug */ = {
			isa = XCBuildConfiguration;
			buildSettings = {
				ALWAYS_SEARCH_USER_PATHS = NO;
				CLANG_ANALYZER_NONNULL = YES;
				CLANG_ANALYZER_NUMBER_OBJECT_CONVERSION = YES_AGGRESSIVE;
				CLANG_CXX_LANGUAGE_STANDARD = "gnu++20";
				CLANG_ENABLE_MODULES = YES;
				CLANG_ENABLE_OBJC_ARC = YES;
				CLANG_ENABLE_OBJC_WEAK = YES;
				CLANG_WARN_BLOCK_CAPTURE_AUTORELEASING = YES;
				CLANG_WARN_BOOL_CONVERSION = YES;
				CLANG_WARN_COMMA = YES;
				CLANG_WARN_CONSTANT_CONVERSION = YES;
				CLANG_WARN_DEPRECATED_OBJC_IMPLEMENTATIONS = YES;
				CLANG_WARN_DIRECT_OBJC_ISA_USAGE = YES_ERROR;
				CLANG_WARN_DOCUMENTATION_COMMENTS = YES;
				CLANG_WARN_EMPTY_BODY = YES;
				CLANG_WARN_ENUM_CONVERSION = YES;
				CLANG_WARN_INFINITE_RECURSION = YES;
				CLANG_WARN_INT_CONVERSION = YES;
				CLANG_WARN_NON_LITERAL_NULL_CONVERSION = YES;
				CLANG_WARN_OBJC_IMPLICIT_RETAIN_SELF = YES;
				CLANG_WARN_OBJC_LITERAL_CONVERSION = YES;
				CLANG_WARN_OBJC_ROOT_CLASS = YES_ERROR;
				CLANG_WARN_QUOTED_INCLUDE_IN_FRAMEWORK_HEADER = YES;
				CLANG_WARN_RANGE_LOOP_ANALYSIS = YES;
				CLANG_WARN_STRICT_PROTOTYPES = YES;
				CLANG_WARN_SUSPICIOUS_MOVE = YES;
				CLANG_WARN_UNGUARDED_AVAILABILITY = YES_AGGRESSIVE;
				CLANG_WARN_UNREACHABLE_CODE = YES;
				CLANG_WARN__DUPLICATE_METHOD_MATCH = YES;
				COPY_PHASE_STRIP = NO;
				DEBUG_INFORMATION_FORMAT = dwarf;
				ENABLE_STRICT_OBJC_MSGSEND = YES;
				ENABLE_TESTABILITY = YES;
				GCC_C_LANGUAGE_STANDARD = gnu11;
				GCC_DYNAMIC_NO_PIC = NO;
				GCC_NO_COMMON_BLOCKS = YES;
				GCC_OPTIMIZATION_LEVEL = 0;
				GCC_PREPROCESSOR_DEFINITIONS = (
					"DEBUG=1",
					"$(inherited)",
				);
				GCC_WARN_64_TO_32_BIT_CONVERSION = YES;
				GCC_WARN_ABOUT_RETURN_TYPE = YES_ERROR;
				GCC_WARN_UNDECLARED_SELECTOR = YES;
				GCC_WARN_UNINITIALIZED_AUTOS = YES_AGGRESSIVE;
				GCC_WARN_UNUSED_FUNCTION = YES;
				GCC_WARN_UNUSED_VARIABLE = YES;
				IPHONEOS_DEPLOYMENT_TARGET = 16.1;
				MTL_ENABLE_DEBUG_INFO = INCLUDE_SOURCE;
				MTL_FAST_MATH = YES;
				ONLY_ACTIVE_ARCH = YES;
				SDKROOT = iphoneos;
				SWIFT_ACTIVE_COMPILATION_CONDITIONS = DEBUG;
				SWIFT_OPTIMIZATION_LEVEL = "-Onone";
			};
			name = Debug;
		};
		840E519E298E74BC00C26B8D /* Release */ = {
			isa = XCBuildConfiguration;
			buildSettings = {
				ALWAYS_SEARCH_USER_PATHS = NO;
				CLANG_ANALYZER_NONNULL = YES;
				CLANG_ANALYZER_NUMBER_OBJECT_CONVERSION = YES_AGGRESSIVE;
				CLANG_CXX_LANGUAGE_STANDARD = "gnu++20";
				CLANG_ENABLE_MODULES = YES;
				CLANG_ENABLE_OBJC_ARC = YES;
				CLANG_ENABLE_OBJC_WEAK = YES;
				CLANG_WARN_BLOCK_CAPTURE_AUTORELEASING = YES;
				CLANG_WARN_BOOL_CONVERSION = YES;
				CLANG_WARN_COMMA = YES;
				CLANG_WARN_CONSTANT_CONVERSION = YES;
				CLANG_WARN_DEPRECATED_OBJC_IMPLEMENTATIONS = YES;
				CLANG_WARN_DIRECT_OBJC_ISA_USAGE = YES_ERROR;
				CLANG_WARN_DOCUMENTATION_COMMENTS = YES;
				CLANG_WARN_EMPTY_BODY = YES;
				CLANG_WARN_ENUM_CONVERSION = YES;
				CLANG_WARN_INFINITE_RECURSION = YES;
				CLANG_WARN_INT_CONVERSION = YES;
				CLANG_WARN_NON_LITERAL_NULL_CONVERSION = YES;
				CLANG_WARN_OBJC_IMPLICIT_RETAIN_SELF = YES;
				CLANG_WARN_OBJC_LITERAL_CONVERSION = YES;
				CLANG_WARN_OBJC_ROOT_CLASS = YES_ERROR;
				CLANG_WARN_QUOTED_INCLUDE_IN_FRAMEWORK_HEADER = YES;
				CLANG_WARN_RANGE_LOOP_ANALYSIS = YES;
				CLANG_WARN_STRICT_PROTOTYPES = YES;
				CLANG_WARN_SUSPICIOUS_MOVE = YES;
				CLANG_WARN_UNGUARDED_AVAILABILITY = YES_AGGRESSIVE;
				CLANG_WARN_UNREACHABLE_CODE = YES;
				CLANG_WARN__DUPLICATE_METHOD_MATCH = YES;
				COPY_PHASE_STRIP = NO;
				DEBUG_INFORMATION_FORMAT = "dwarf-with-dsym";
				ENABLE_NS_ASSERTIONS = NO;
				ENABLE_STRICT_OBJC_MSGSEND = YES;
				GCC_C_LANGUAGE_STANDARD = gnu11;
				GCC_NO_COMMON_BLOCKS = YES;
				GCC_WARN_64_TO_32_BIT_CONVERSION = YES;
				GCC_WARN_ABOUT_RETURN_TYPE = YES_ERROR;
				GCC_WARN_UNDECLARED_SELECTOR = YES;
				GCC_WARN_UNINITIALIZED_AUTOS = YES_AGGRESSIVE;
				GCC_WARN_UNUSED_FUNCTION = YES;
				GCC_WARN_UNUSED_VARIABLE = YES;
				IPHONEOS_DEPLOYMENT_TARGET = 16.1;
				MTL_ENABLE_DEBUG_INFO = NO;
				MTL_FAST_MATH = YES;
				SDKROOT = iphoneos;
				SWIFT_COMPILATION_MODE = wholemodule;
				SWIFT_OPTIMIZATION_LEVEL = "-O";
				VALIDATE_PRODUCT = YES;
			};
			name = Release;
		};
		840E51A0298E74BC00C26B8D /* Debug */ = {
			isa = XCBuildConfiguration;
			buildSettings = {
				ASSETCATALOG_COMPILER_APPICON_NAME = AppIcon;
				ASSETCATALOG_COMPILER_GLOBAL_ACCENT_COLOR_NAME = AccentColor;
				CODE_SIGN_STYLE = Automatic;
				CURRENT_PROJECT_VERSION = 1;
				GENERATE_INFOPLIST_FILE = YES;
				INFOPLIST_FILE = "TableView + CollectionView/Info.plist";
				INFOPLIST_KEY_UIApplicationSupportsIndirectInputEvents = YES;
				INFOPLIST_KEY_UILaunchStoryboardName = LaunchScreen;
				INFOPLIST_KEY_UIMainStoryboardFile = Main;
				INFOPLIST_KEY_UISupportedInterfaceOrientations_iPad = "UIInterfaceOrientationPortrait UIInterfaceOrientationPortraitUpsideDown UIInterfaceOrientationLandscapeLeft UIInterfaceOrientationLandscapeRight";
				INFOPLIST_KEY_UISupportedInterfaceOrientations_iPhone = "UIInterfaceOrientationPortrait UIInterfaceOrientationLandscapeLeft UIInterfaceOrientationLandscapeRight";
				LD_RUNPATH_SEARCH_PATHS = (
					"$(inherited)",
					"@executable_path/Frameworks",
				);
				MARKETING_VERSION = 1.0;
				PRODUCT_BUNDLE_IDENTIFIER = "BitCode.TableView---CollectionView";
				PRODUCT_NAME = "$(TARGET_NAME)";
				SWIFT_EMIT_LOC_STRINGS = YES;
				SWIFT_VERSION = 5.0;
				TARGETED_DEVICE_FAMILY = "1,2";
			};
			name = Debug;
		};
		840E51A1298E74BC00C26B8D /* Release */ = {
			isa = XCBuildConfiguration;
			buildSettings = {
				ASSETCATALOG_COMPILER_APPICON_NAME = AppIcon;
				ASSETCATALOG_COMPILER_GLOBAL_ACCENT_COLOR_NAME = AccentColor;
				CODE_SIGN_STYLE = Automatic;
				CURRENT_PROJECT_VERSION = 1;
				GENERATE_INFOPLIST_FILE = YES;
				INFOPLIST_FILE = "TableView + CollectionView/Info.plist";
				INFOPLIST_KEY_UIApplicationSupportsIndirectInputEvents = YES;
				INFOPLIST_KEY_UILaunchStoryboardName = LaunchScreen;
				INFOPLIST_KEY_UIMainStoryboardFile = Main;
				INFOPLIST_KEY_UISupportedInterfaceOrientations_iPad = "UIInterfaceOrientationPortrait UIInterfaceOrientationPortraitUpsideDown UIInterfaceOrientationLandscapeLeft UIInterfaceOrientationLandscapeRight";
				INFOPLIST_KEY_UISupportedInterfaceOrientations_iPhone = "UIInterfaceOrientationPortrait UIInterfaceOrientationLandscapeLeft UIInterfaceOrientationLandscapeRight";
				LD_RUNPATH_SEARCH_PATHS = (
					"$(inherited)",
					"@executable_path/Frameworks",
				);
				MARKETING_VERSION = 1.0;
				PRODUCT_BUNDLE_IDENTIFIER = "BitCode.TableView---CollectionView";
				PRODUCT_NAME = "$(TARGET_NAME)";
				SWIFT_EMIT_LOC_STRINGS = YES;
				SWIFT_VERSION = 5.0;
				TARGETED_DEVICE_FAMILY = "1,2";
			};
			name = Release;
		};
/* End XCBuildConfiguration section */

/* Begin XCConfigurationList section */
		840E5186298E74B900C26B8D /* Build configuration list for PBXProject "TableView + CollectionView" */ = {
			isa = XCConfigurationList;
			buildConfigurations = (
				840E519D298E74BC00C26B8D /* Debug */,
				840E519E298E74BC00C26B8D /* Release */,
			);
			defaultConfigurationIsVisible = 0;
			defaultConfigurationName = Release;
		};
		840E519F298E74BC00C26B8D /* Build configuration list for PBXNativeTarget "TableView + CollectionView" */ = {
			isa = XCConfigurationList;
			buildConfigurations = (
				840E51A0298E74BC00C26B8D /* Debug */,
				840E51A1298E74BC00C26B8D /* Release */,
			);
			defaultConfigurationIsVisible = 0;
			defaultConfigurationName = Release;
		};
/* End XCConfigurationList section */
	};
	rootObject = 840E5183298E74B900C26B8D /* Project object */;
}
